---
lockfileVersion: 1
lockfileVendor: redhat
arches:
- arch: x86_64
  packages:
  - url: https://kojipkgs.fedoraproject.org/compose/rawhide/latest-Fedora-Rawhide/compose/Everything/x86_64/os/Packages/l/liboqs-0.10.1-3.fc42.x86_64.rpm
    repoid: fedora
    size: 261164
    checksum: sha256:a65be806165f2bd3b62d78c781524b73a70b5eb75dd2c84d056b9964f1db24cf
    name: liboqs
    evr: 0.10.1-3.fc42
    sourcerpm: liboqs-0.10.1-3.fc42.src.rpm
  - url: https://kojipkgs.fedoraproject.org/compose/rawhide/latest-Fedora-Rawhide/compose/Everything/x86_64/os/Packages/o/openssl-3.2.2-8.fc42.x86_64.rpm
    repoid: fedora
    size: 1169505
    checksum: sha256:be8b623b6437ed7a75e4287c3a5f6cf2f627f4b5543ad7dc08725a89923bbf40
    name: openssl
    evr: 1:3.2.2-8.fc42
    sourcerpm: openssl-3.2.2-8.fc42.src.rpm
  - url: https://kojipkgs.fedoraproject.org/compose/rawhide/latest-Fedora-Rawhide/compose/Everything/x86_64/os/Packages/o/oqsprovider-0.6.0-3.fc41.x86_64.rpm
    repoid: fedora
    size: 183176
    checksum: sha256:647eacabe6cf00acaa32a83d493ba531b21be87caec43d39f86f09b110fce6ea
    name: oqsprovider
    evr: 0.6.0-3.fc41
    sourcerpm: oqsprovider-0.6.0-3.fc41.src.rpm
  source:
  - url: https://kojipkgs.fedoraproject.org/compose/rawhide/latest-Fedora-Rawhide/compose/Everything/source/tree/Packages/l/liboqs-0.10.1-3.fc42.src.rpm
    repoid: fedora-source
    size: 4198419
    checksum: sha256:fd4f67382629fee103aa859da820fa962d072d55754e0cfbad716a29a23eb921
    name: liboqs
    evr: 0.10.1-3.fc42
  - url: https://kojipkgs.fedoraproject.org/compose/rawhide/latest-Fedora-Rawhide/compose/Everything/source/tree/Packages/o/openssl-3.2.2-8.fc42.src.rpm
    repoid: fedora-source
    size: 18058344
    checksum: sha256:b175fadb77614ca74ab2d25aba0a0e35c689cfd12e77c25fca896db319d32c0c
    name: openssl
    evr: 1:3.2.2-8.fc42
  - url: https://kojipkgs.fedoraproject.org/compose/rawhide/latest-Fedora-Rawhide/compose/Everything/source/tree/Packages/o/oqsprovider-0.6.0-3.fc41.src.rpm
    repoid: fedora-source
    size: 210156
    checksum: sha256:685bd4ebe7caeaee8f2ceff2488e43cfeafdbef856e6b2b876dd132b0b330074
    name: oqsprovider
    evr: 0.6.0-3.fc41
  module_metadata: []
